
Microsoft Visual Studio Solution File, Format Version 12.00
# Visual Studio 2012
Project("{FAE04EC0-301F-11D3-BF4B-00C04F79EFBC}") = "CalculatorOfDeath", "CalculatorOfDeath\CalculatorOfDeath.csproj", "{9B9C9948-EF12-49D6-A1C2-DE94B1D0B47D}"
EndProject
Global
	GlobalSection(SolutionConfigurationPlatforms) = preSolution
		Debug|Any CPU = Debug|Any CPU
		Release|Any CPU = Release|Any CPU
	EndGlobalSection
	GlobalSection(ProjectConfigurationPlatforms) = postSolution
		{9B9C9948-EF12-49D6-A1C2-DE94B1D0B47D}.Debug|Any CPU.ActiveCfg = Debug|Any CPU
		{9B9C9948-EF12-49D6-A1C2-DE94B1D0B47D}.Debug|Any CPU.Build.0 = Debug|Any CPU
		{9B9C9948-EF12-49D6-A1C2-DE94B1D0B47D}.Release|Any CPU.ActiveCfg = Release|Any CPU
		{9B9C9948-EF12-49D6-A1C2-DE94B1D0B47D}.Release|Any CPU.Build.0 = Release|Any CPU
	EndGlobalSection
	GlobalSection(SolutionProperties) = preSolution
		HideSolutionNode = FALSE
	EndGlobalSection
EndGlobal
